
Microsoft Visual Studio Solution File, Format Version 12.00
# Visual Studio Version 16
VisualStudioVersion = 16.0.30413.136
MinimumVisualStudioVersion = 10.0.40219.1
Project("{9A19103F-16F7-4668-BE54-9A1E7A4F7556}") = "ShapeLibrary", "Labb2\ShapeLibrary.csproj", "{50CCDA92-DD77-4BFB-B77A-B256EBA19A6F}"
EndProject
Project("{9A19103F-16F7-4668-BE54-9A1E7A4F7556}") = "ShapeGen", "ShapeGen\ShapeGen.csproj", "{353709C7-E5A2-426F-8E20-98B7CFFC72D4}"
EndProject
Global
	GlobalSection(SolutionConfigurationPlatforms) = preSolution
		Debug|Any CPU = Debug|Any CPU
		Release|Any CPU = Release|Any CPU
	EndGlobalSection
	GlobalSection(ProjectConfigurationPlatforms) = postSolution
		{50CCDA92-DD77-4BFB-B77A-B256EBA19A6F}.Debug|Any CPU.ActiveCfg = Debug|Any CPU
		{50CCDA92-DD77-4BFB-B77A-B256EBA19A6F}.Debug|Any CPU.Build.0 = Debug|Any CPU
		{50CCDA92-DD77-4BFB-B77A-B256EBA19A6F}.Release|Any CPU.ActiveCfg = Release|Any CPU
		{50CCDA92-DD77-4BFB-B77A-B256EBA19A6F}.Release|Any CPU.Build.0 = Release|Any CPU
		{353709C7-E5A2-426F-8E20-98B7CFFC72D4}.Debug|Any CPU.ActiveCfg = Debug|Any CPU
		{353709C7-E5A2-426F-8E20-98B7CFFC72D4}.Debug|Any CPU.Build.0 = Debug|Any CPU
		{353709C7-E5A2-426F-8E20-98B7CFFC72D4}.Release|Any CPU.ActiveCfg = Release|Any CPU
		{353709C7-E5A2-426F-8E20-98B7CFFC72D4}.Release|Any CPU.Build.0 = Release|Any CPU
	EndGlobalSection
	GlobalSection(SolutionProperties) = preSolution
		HideSolutionNode = FALSE
	EndGlobalSection
	GlobalSection(ExtensibilityGlobals) = postSolution
		SolutionGuid = {5F40489B-9DB5-41A4-A632-2845B2672383}
	EndGlobalSection
EndGlobal
